github.com/aristanetworks/gomap v0.0.0-20230726210543-f4e41046dced h1:HxlRMDx/VeRqzj3nvqX9k4tjeBcEIkoNHDJPsS389hs=
github.com/aristanetworks/gomap v0.0.0-20230726210543-f4e41046dced/go.mod h1:p7lmI+ecoe1RTyD11SPXWsSQ3H+pJ4cp5y7vtKW4QdM=
golang.org/x/exp v0.0.0-20230725093048-515e97ebf090 h1:Di6/M8l0O2lCLc6VVRWhgCiApHV8MnQurBnFSHsQtNY=
golang.org/x/exp v0.0.0-20230725093048-515e97ebf090/go.mod h1:FXUEEKJgO7OQYeo8N01OfiKP8RXMtf6e8aTskBGqWdc=
